
Microsoft Visual Studio Solution File, Format Version 12.00
# Visual Studio Version 17
VisualStudioVersion = 17.6.33723.286
MinimumVisualStudioVersion = 10.0.40219.1
Project("{9A19103F-16F7-4668-BE54-9A1E7A4F7556}") = "EasyAccess", "EasyAccess\EasyAccess.csproj", "{631927C6-7ECF-45C1-8A43-9A5FFD509517}"
EndProject
Global
	GlobalSection(SolutionConfigurationPlatforms) = preSolution
		Debug|Any CPU = Debug|Any CPU
		Release|Any CPU = Release|Any CPU
	EndGlobalSection
	GlobalSection(ProjectConfigurationPlatforms) = postSolution
		{631927C6-7ECF-45C1-8A43-9A5FFD509517}.Debug|Any CPU.ActiveCfg = Debug|Any CPU
		{631927C6-7ECF-45C1-8A43-9A5FFD509517}.Debug|Any CPU.Build.0 = Debug|Any CPU
		{631927C6-7ECF-45C1-8A43-9A5FFD509517}.Release|Any CPU.ActiveCfg = Release|Any CPU
		{631927C6-7ECF-45C1-8A43-9A5FFD509517}.Release|Any CPU.Build.0 = Release|Any CPU
	EndGlobalSection
	GlobalSection(SolutionProperties) = preSolution
		HideSolutionNode = FALSE
	EndGlobalSection
	GlobalSection(ExtensibilityGlobals) = postSolution
		SolutionGuid = {FFF2F86A-93CB-4D11-B1E1-372A3311E5AC}
	EndGlobalSection
EndGlobal
